
Microsoft Visual Studio Solution File, Format Version 12.00
# Visual Studio Version 16
VisualStudioVersion = 16.0.30413.136
MinimumVisualStudioVersion = 10.0.40219.1
Project("{FAE04EC0-301F-11D3-BF4B-00C04F79EFBC}") = "BookListRazor", "BookListRazor\BookListRazor.csproj", "{384685E6-4FEB-4F70-8763-52D5799E24F5}"
EndProject
Global
	GlobalSection(SolutionConfigurationPlatforms) = preSolution
		Debug|Any CPU = Debug|Any CPU
		Release|Any CPU = Release|Any CPU
	EndGlobalSection
	GlobalSection(ProjectConfigurationPlatforms) = postSolution
		{384685E6-4FEB-4F70-8763-52D5799E24F5}.Debug|Any CPU.ActiveCfg = Debug|Any CPU
		{384685E6-4FEB-4F70-8763-52D5799E24F5}.Debug|Any CPU.Build.0 = Debug|Any CPU
		{384685E6-4FEB-4F70-8763-52D5799E24F5}.Release|Any CPU.ActiveCfg = Release|Any CPU
		{384685E6-4FEB-4F70-8763-52D5799E24F5}.Release|Any CPU.Build.0 = Release|Any CPU
	EndGlobalSection
	GlobalSection(SolutionProperties) = preSolution
		HideSolutionNode = FALSE
	EndGlobalSection
	GlobalSection(ExtensibilityGlobals) = postSolution
		SolutionGuid = {B3D42CF3-D28C-4701-8790-5C0190F3A27C}
	EndGlobalSection
EndGlobal
